
Microsoft Visual Studio Solution File, Format Version 12.00
# Visual Studio 16
Project("{FAE04EC0-301F-11D3-BF4B-00C04F79EFBC}") = "Assembly-CSharp", "Assembly-CSharp.csproj", "{75F51A49-D270-CF1D-8970-004A6D9B51A6}"
EndProject
Project("{FAE04EC0-301F-11D3-BF4B-00C04F79EFBC}") = "Assembly-CSharp-Editor", "Assembly-CSharp-Editor.csproj", "{11291F5F-8B9B-55B1-D3C7-8E12795C1E8F}"
EndProject
Global
	GlobalSection(SolutionConfigurationPlatforms) = preSolution
		Debug|Any CPU = Debug|Any CPU
		Release|Any CPU = Release|Any CPU
	EndGlobalSection
	GlobalSection(ProjectConfigurationPlatforms) = postSolution
		{75F51A49-D270-CF1D-8970-004A6D9B51A6}.Debug|Any CPU.ActiveCfg = Debug|Any CPU
		{75F51A49-D270-CF1D-8970-004A6D9B51A6}.Debug|Any CPU.Build.0 = Debug|Any CPU
		{75F51A49-D270-CF1D-8970-004A6D9B51A6}.Release|Any CPU.ActiveCfg = Release|Any CPU
		{75F51A49-D270-CF1D-8970-004A6D9B51A6}.Release|Any CPU.Build.0 = Release|Any CPU
		{11291F5F-8B9B-55B1-D3C7-8E12795C1E8F}.Debug|Any CPU.ActiveCfg = Debug|Any CPU
		{11291F5F-8B9B-55B1-D3C7-8E12795C1E8F}.Debug|Any CPU.Build.0 = Debug|Any CPU
		{11291F5F-8B9B-55B1-D3C7-8E12795C1E8F}.Release|Any CPU.ActiveCfg = Release|Any CPU
		{11291F5F-8B9B-55B1-D3C7-8E12795C1E8F}.Release|Any CPU.Build.0 = Release|Any CPU
	EndGlobalSection
	GlobalSection(SolutionProperties) = preSolution
		HideSolutionNode = FALSE
	EndGlobalSection
EndGlobal
